{
  "version": 4,
  "terraform_version": "1.8.4",
  "serial": 78,
  "lineage": "164d03ab-25b4-4d2c-c330-b89510d04d35",
  "outputs": {},
  "resources": [
    {
      "mode": "managed",
      "type": "azurerm_dev_test_global_vm_shutdown_schedule",
      "name": "desligar-vm-airflow-automatico",
      "provider": "provider[\"registry.terraform.io/hashicorp/azurerm\"]",
      "instances": [
        {
          "schema_version": 0,
          "attributes": {
            "daily_recurrence_time": "0200",
            "enabled": true,
            "id": "/subscriptions/4a6139e2-f4bc-456d-89ba-c63055f3a97e/resourceGroups/rg-1368363/providers/Microsoft.DevTestLab/schedules/shutdown-computevm-VmLinuxAirflowDataHub1368363",
            "location": "eastus",
            "notification_settings": [
              {
                "email": "1368363@sga.pucminas.br",
                "enabled": true,
                "time_in_minutes": 60,
                "webhook_url": ""
              }
            ],
            "tags": {},
            "timeouts": null,
            "timezone": "E. South America Standard Time",
            "virtual_machine_id": "/subscriptions/4a6139e2-f4bc-456d-89ba-c63055f3a97e/resourceGroups/rg-1368363/providers/Microsoft.Compute/virtualMachines/VmLinuxAirflowDataHub1368363"
          },
          "sensitive_attributes": [],
          "private": "eyJlMmJmYjczMC1lY2FhLTExZTYtOGY4OC0zNDM2M2JjN2M0YzAiOnsiY3JlYXRlIjoxODAwMDAwMDAwMDAwLCJkZWxldGUiOjE4MDAwMDAwMDAwMDAsInJlYWQiOjMwMDAwMDAwMDAwMCwidXBkYXRlIjoxODAwMDAwMDAwMDAwfX0=",
          "dependencies": [
            "azurerm_network_interface.interfaceredevm-airflow",
            "azurerm_public_ip.ippublico-airflow",
            "azurerm_resource_group.resourcegroup_aulas",
            "azurerm_subnet.subrede-aulas",
            "azurerm_virtual_machine.vm-linux-airflow",
            "azurerm_virtual_network.network-aulas"
          ]
        }
      ]
    },
    {
      "mode": "managed",
      "type": "azurerm_dev_test_global_vm_shutdown_schedule",
      "name": "desligar-vm-dremio-automatico",
      "provider": "provider[\"registry.terraform.io/hashicorp/azurerm\"]",
      "instances": [
        {
          "schema_version": 0,
          "attributes": {
            "daily_recurrence_time": "0200",
            "enabled": true,
            "id": "/subscriptions/4a6139e2-f4bc-456d-89ba-c63055f3a97e/resourceGroups/rg-1368363/providers/Microsoft.DevTestLab/schedules/shutdown-computevm-VmLinuxDremio1368363",
            "location": "eastus",
            "notification_settings": [
              {
                "email": "1368363@sga.pucminas.br",
                "enabled": true,
                "time_in_minutes": 60,
                "webhook_url": ""
              }
            ],
            "tags": {},
            "timeouts": null,
            "timezone": "E. South America Standard Time",
            "virtual_machine_id": "/subscriptions/4a6139e2-f4bc-456d-89ba-c63055f3a97e/resourceGroups/rg-1368363/providers/Microsoft.Compute/virtualMachines/VmLinuxDremio1368363"
          },
          "sensitive_attributes": [],
          "private": "eyJlMmJmYjczMC1lY2FhLTExZTYtOGY4OC0zNDM2M2JjN2M0YzAiOnsiY3JlYXRlIjoxODAwMDAwMDAwMDAwLCJkZWxldGUiOjE4MDAwMDAwMDAwMDAsInJlYWQiOjMwMDAwMDAwMDAwMCwidXBkYXRlIjoxODAwMDAwMDAwMDAwfX0=",
          "dependencies": [
            "azurerm_network_interface.interfaceredevm-dremio",
            "azurerm_public_ip.ippublico-dremio",
            "azurerm_resource_group.resourcegroup_aulas",
            "azurerm_subnet.subrede-aulas",
            "azurerm_virtual_machine.vm-linux-dremio",
            "azurerm_virtual_network.network-aulas"
          ]
        }
      ]
    },
    {
      "mode": "managed",
      "type": "azurerm_dev_test_global_vm_shutdown_schedule",
      "name": "desligar-vm-kakfa-automatico",
      "provider": "provider[\"registry.terraform.io/hashicorp/azurerm\"]",
      "instances": [
        {
          "schema_version": 0,
          "attributes": {
            "daily_recurrence_time": "0200",
            "enabled": true,
            "id": "/subscriptions/4a6139e2-f4bc-456d-89ba-c63055f3a97e/resourceGroups/rg-1368363/providers/Microsoft.DevTestLab/schedules/shutdown-computevm-VmLinuxKafa1368363",
            "location": "eastus",
            "notification_settings": [
              {
                "email": "1368363@sga.pucminas.br",
                "enabled": true,
                "time_in_minutes": 60,
                "webhook_url": ""
              }
            ],
            "tags": {},
            "timeouts": null,
            "timezone": "E. South America Standard Time",
            "virtual_machine_id": "/subscriptions/4a6139e2-f4bc-456d-89ba-c63055f3a97e/resourceGroups/rg-1368363/providers/Microsoft.Compute/virtualMachines/VmLinuxKafa1368363"
          },
          "sensitive_attributes": [],
          "private": "eyJlMmJmYjczMC1lY2FhLTExZTYtOGY4OC0zNDM2M2JjN2M0YzAiOnsiY3JlYXRlIjoxODAwMDAwMDAwMDAwLCJkZWxldGUiOjE4MDAwMDAwMDAwMDAsInJlYWQiOjMwMDAwMDAwMDAwMCwidXBkYXRlIjoxODAwMDAwMDAwMDAwfX0=",
          "dependencies": [
            "azurerm_network_interface.interfaceredevm-kafka",
            "azurerm_public_ip.ippublico-kafka",
            "azurerm_resource_group.resourcegroup_aulas",
            "azurerm_subnet.subrede-aulas",
            "azurerm_virtual_machine.vm-linux-kafka",
            "azurerm_virtual_network.network-aulas"
          ]
        }
      ]
    },
    {
      "mode": "managed",
      "type": "azurerm_network_interface",
      "name": "interfaceredevm-airflow",
      "provider": "provider[\"registry.terraform.io/hashicorp/azurerm\"]",
      "instances": [
        {
          "schema_version": 0,
          "attributes": {
            "applied_dns_servers": [],
            "auxiliary_mode": "",
            "auxiliary_sku": "",
            "dns_servers": [],
            "edge_zone": "",
            "enable_accelerated_networking": false,
            "enable_ip_forwarding": false,
            "id": "/subscriptions/4a6139e2-f4bc-456d-89ba-c63055f3a97e/resourceGroups/rg-1368363/providers/Microsoft.Network/networkInterfaces/cardinterface-airflow",
            "internal_dns_name_label": "",
            "internal_domain_name_suffix": "",
            "ip_configuration": [
              {
                "gateway_load_balancer_frontend_ip_configuration_id": "",
                "name": "internal",
                "primary": true,
                "private_ip_address": "10.0.0.5",
                "private_ip_address_allocation": "Dynamic",
                "private_ip_address_version": "IPv4",
                "public_ip_address_id": "/subscriptions/4a6139e2-f4bc-456d-89ba-c63055f3a97e/resourceGroups/rg-1368363/providers/Microsoft.Network/publicIPAddresses/ippublico-airflow",
                "subnet_id": "/subscriptions/4a6139e2-f4bc-456d-89ba-c63055f3a97e/resourceGroups/rg-1368363/providers/Microsoft.Network/virtualNetworks/vnet-1368363/subnets/subnet-1368363"
              }
            ],
            "location": "eastus",
            "mac_address": "00-22-48-2D-77-9F",
            "name": "cardinterface-airflow",
            "private_ip_address": "10.0.0.5",
            "private_ip_addresses": [
              "10.0.0.5"
            ],
            "resource_group_name": "rg-1368363",
            "tags": {},
            "timeouts": null,
            "virtual_machine_id": "/subscriptions/4a6139e2-f4bc-456d-89ba-c63055f3a97e/resourceGroups/rg-1368363/providers/Microsoft.Compute/virtualMachines/VmLinuxAirflowDataHub1368363"
          },
          "sensitive_attributes": [],
          "private": "eyJlMmJmYjczMC1lY2FhLTExZTYtOGY4OC0zNDM2M2JjN2M0YzAiOnsiY3JlYXRlIjoxODAwMDAwMDAwMDAwLCJkZWxldGUiOjE4MDAwMDAwMDAwMDAsInJlYWQiOjMwMDAwMDAwMDAwMCwidXBkYXRlIjoxODAwMDAwMDAwMDAwfX0=",
          "dependencies": [
            "azurerm_public_ip.ippublico-airflow",
            "azurerm_resource_group.resourcegroup_aulas",
            "azurerm_subnet.subrede-aulas",
            "azurerm_virtual_network.network-aulas"
          ]
        }
      ]
    },
    {
      "mode": "managed",
      "type": "azurerm_network_interface",
      "name": "interfaceredevm-dremio",
      "provider": "provider[\"registry.terraform.io/hashicorp/azurerm\"]",
      "instances": [
        {
          "schema_version": 0,
          "attributes": {
            "applied_dns_servers": [],
            "auxiliary_mode": "",
            "auxiliary_sku": "",
            "dns_servers": [],
            "edge_zone": "",
            "enable_accelerated_networking": false,
            "enable_ip_forwarding": false,
            "id": "/subscriptions/4a6139e2-f4bc-456d-89ba-c63055f3a97e/resourceGroups/rg-1368363/providers/Microsoft.Network/networkInterfaces/cardinterface-dremio",
            "internal_dns_name_label": "",
            "internal_domain_name_suffix": "",
            "ip_configuration": [
              {
                "gateway_load_balancer_frontend_ip_configuration_id": "",
                "name": "internal",
                "primary": true,
                "private_ip_address": "10.0.0.6",
                "private_ip_address_allocation": "Dynamic",
                "private_ip_address_version": "IPv4",
                "public_ip_address_id": "/subscriptions/4a6139e2-f4bc-456d-89ba-c63055f3a97e/resourceGroups/rg-1368363/providers/Microsoft.Network/publicIPAddresses/ippublico-dremio",
                "subnet_id": "/subscriptions/4a6139e2-f4bc-456d-89ba-c63055f3a97e/resourceGroups/rg-1368363/providers/Microsoft.Network/virtualNetworks/vnet-1368363/subnets/subnet-1368363"
              }
            ],
            "location": "eastus",
            "mac_address": "60-45-BD-FE-89-07",
            "name": "cardinterface-dremio",
            "private_ip_address": "10.0.0.6",
            "private_ip_addresses": [
              "10.0.0.6"
            ],
            "resource_group_name": "rg-1368363",
            "tags": {},
            "timeouts": null,
            "virtual_machine_id": "/subscriptions/4a6139e2-f4bc-456d-89ba-c63055f3a97e/resourceGroups/rg-1368363/providers/Microsoft.Compute/virtualMachines/VmLinuxDremio1368363"
          },
          "sensitive_attributes": [],
          "private": "eyJlMmJmYjczMC1lY2FhLTExZTYtOGY4OC0zNDM2M2JjN2M0YzAiOnsiY3JlYXRlIjoxODAwMDAwMDAwMDAwLCJkZWxldGUiOjE4MDAwMDAwMDAwMDAsInJlYWQiOjMwMDAwMDAwMDAwMCwidXBkYXRlIjoxODAwMDAwMDAwMDAwfX0=",
          "dependencies": [
            "azurerm_public_ip.ippublico-dremio",
            "azurerm_resource_group.resourcegroup_aulas",
            "azurerm_subnet.subrede-aulas",
            "azurerm_virtual_network.network-aulas"
          ]
        }
      ]
    },
    {
      "mode": "managed",
      "type": "azurerm_network_interface",
      "name": "interfaceredevm-kafka",
      "provider": "provider[\"registry.terraform.io/hashicorp/azurerm\"]",
      "instances": [
        {
          "schema_version": 0,
          "attributes": {
            "applied_dns_servers": [],
            "auxiliary_mode": "",
            "auxiliary_sku": "",
            "dns_servers": [],
            "edge_zone": "",
            "enable_accelerated_networking": false,
            "enable_ip_forwarding": false,
            "id": "/subscriptions/4a6139e2-f4bc-456d-89ba-c63055f3a97e/resourceGroups/rg-1368363/providers/Microsoft.Network/networkInterfaces/cardinterface-kakfa",
            "internal_dns_name_label": "",
            "internal_domain_name_suffix": "",
            "ip_configuration": [
              {
                "gateway_load_balancer_frontend_ip_configuration_id": "",
                "name": "internal",
                "primary": true,
                "private_ip_address": "10.0.0.4",
                "private_ip_address_allocation": "Dynamic",
                "private_ip_address_version": "IPv4",
                "public_ip_address_id": "/subscriptions/4a6139e2-f4bc-456d-89ba-c63055f3a97e/resourceGroups/rg-1368363/providers/Microsoft.Network/publicIPAddresses/ippublico-kafka",
                "subnet_id": "/subscriptions/4a6139e2-f4bc-456d-89ba-c63055f3a97e/resourceGroups/rg-1368363/providers/Microsoft.Network/virtualNetworks/vnet-1368363/subnets/subnet-1368363"
              }
            ],
            "location": "eastus",
            "mac_address": "00-0D-3A-8A-90-A3",
            "name": "cardinterface-kakfa",
            "private_ip_address": "10.0.0.4",
            "private_ip_addresses": [
              "10.0.0.4"
            ],
            "resource_group_name": "rg-1368363",
            "tags": {},
            "timeouts": null,
            "virtual_machine_id": "/subscriptions/4a6139e2-f4bc-456d-89ba-c63055f3a97e/resourceGroups/rg-1368363/providers/Microsoft.Compute/virtualMachines/VmLinuxKafa1368363"
          },
          "sensitive_attributes": [],
          "private": "eyJlMmJmYjczMC1lY2FhLTExZTYtOGY4OC0zNDM2M2JjN2M0YzAiOnsiY3JlYXRlIjoxODAwMDAwMDAwMDAwLCJkZWxldGUiOjE4MDAwMDAwMDAwMDAsInJlYWQiOjMwMDAwMDAwMDAwMCwidXBkYXRlIjoxODAwMDAwMDAwMDAwfX0=",
          "dependencies": [
            "azurerm_public_ip.ippublico-kafka",
            "azurerm_resource_group.resourcegroup_aulas",
            "azurerm_subnet.subrede-aulas",
            "azurerm_virtual_network.network-aulas"
          ]
        }
      ]
    },
    {
      "mode": "managed",
      "type": "azurerm_network_interface_security_group_association",
      "name": "associa-grupo-recursos-vm-airflow",
      "provider": "provider[\"registry.terraform.io/hashicorp/azurerm\"]",
      "instances": [
        {
          "schema_version": 0,
          "attributes": {
            "id": "/subscriptions/4a6139e2-f4bc-456d-89ba-c63055f3a97e/resourceGroups/rg-1368363/providers/Microsoft.Network/networkInterfaces/cardinterface-airflow|/subscriptions/4a6139e2-f4bc-456d-89ba-c63055f3a97e/resourceGroups/rg-1368363/providers/Microsoft.Network/networkSecurityGroups/securitygroup-1368363",
            "network_interface_id": "/subscriptions/4a6139e2-f4bc-456d-89ba-c63055f3a97e/resourceGroups/rg-1368363/providers/Microsoft.Network/networkInterfaces/cardinterface-airflow",
            "network_security_group_id": "/subscriptions/4a6139e2-f4bc-456d-89ba-c63055f3a97e/resourceGroups/rg-1368363/providers/Microsoft.Network/networkSecurityGroups/securitygroup-1368363",
            "timeouts": null
          },
          "sensitive_attributes": [],
          "private": "eyJlMmJmYjczMC1lY2FhLTExZTYtOGY4OC0zNDM2M2JjN2M0YzAiOnsiY3JlYXRlIjoxODAwMDAwMDAwMDAwLCJkZWxldGUiOjE4MDAwMDAwMDAwMDAsInJlYWQiOjMwMDAwMDAwMDAwMH19",
          "dependencies": [
            "azurerm_network_interface.interfaceredevm-airflow",
            "azurerm_network_security_group.securitygroup-aulas",
            "azurerm_public_ip.ippublico-airflow",
            "azurerm_resource_group.resourcegroup_aulas",
            "azurerm_subnet.subrede-aulas",
            "azurerm_virtual_machine.vm-linux-airflow",
            "azurerm_virtual_network.network-aulas"
          ]
        }
      ]
    },
    {
      "mode": "managed",
      "type": "azurerm_network_interface_security_group_association",
      "name": "associa-grupo-recursos-vm-dremio",
      "provider": "provider[\"registry.terraform.io/hashicorp/azurerm\"]",
      "instances": [
        {
          "schema_version": 0,
          "attributes": {
            "id": "/subscriptions/4a6139e2-f4bc-456d-89ba-c63055f3a97e/resourceGroups/rg-1368363/providers/Microsoft.Network/networkInterfaces/cardinterface-dremio|/subscriptions/4a6139e2-f4bc-456d-89ba-c63055f3a97e/resourceGroups/rg-1368363/providers/Microsoft.Network/networkSecurityGroups/securitygroup-1368363",
            "network_interface_id": "/subscriptions/4a6139e2-f4bc-456d-89ba-c63055f3a97e/resourceGroups/rg-1368363/providers/Microsoft.Network/networkInterfaces/cardinterface-dremio",
            "network_security_group_id": "/subscriptions/4a6139e2-f4bc-456d-89ba-c63055f3a97e/resourceGroups/rg-1368363/providers/Microsoft.Network/networkSecurityGroups/securitygroup-1368363",
            "timeouts": null
          },
          "sensitive_attributes": [],
          "private": "eyJlMmJmYjczMC1lY2FhLTExZTYtOGY4OC0zNDM2M2JjN2M0YzAiOnsiY3JlYXRlIjoxODAwMDAwMDAwMDAwLCJkZWxldGUiOjE4MDAwMDAwMDAwMDAsInJlYWQiOjMwMDAwMDAwMDAwMH19",
          "dependencies": [
            "azurerm_network_interface.interfaceredevm-dremio",
            "azurerm_network_security_group.securitygroup-aulas",
            "azurerm_public_ip.ippublico-dremio",
            "azurerm_resource_group.resourcegroup_aulas",
            "azurerm_subnet.subrede-aulas",
            "azurerm_virtual_machine.vm-linux-dremio",
            "azurerm_virtual_network.network-aulas"
          ]
        }
      ]
    },
    {
      "mode": "managed",
      "type": "azurerm_network_interface_security_group_association",
      "name": "associa-grupo-recursos-vm-kafka",
      "provider": "provider[\"registry.terraform.io/hashicorp/azurerm\"]",
      "instances": [
        {
          "schema_version": 0,
          "attributes": {
            "id": "/subscriptions/4a6139e2-f4bc-456d-89ba-c63055f3a97e/resourceGroups/rg-1368363/providers/Microsoft.Network/networkInterfaces/cardinterface-kakfa|/subscriptions/4a6139e2-f4bc-456d-89ba-c63055f3a97e/resourceGroups/rg-1368363/providers/Microsoft.Network/networkSecurityGroups/securitygroup-1368363",
            "network_interface_id": "/subscriptions/4a6139e2-f4bc-456d-89ba-c63055f3a97e/resourceGroups/rg-1368363/providers/Microsoft.Network/networkInterfaces/cardinterface-kakfa",
            "network_security_group_id": "/subscriptions/4a6139e2-f4bc-456d-89ba-c63055f3a97e/resourceGroups/rg-1368363/providers/Microsoft.Network/networkSecurityGroups/securitygroup-1368363",
            "timeouts": null
          },
          "sensitive_attributes": [],
          "private": "eyJlMmJmYjczMC1lY2FhLTExZTYtOGY4OC0zNDM2M2JjN2M0YzAiOnsiY3JlYXRlIjoxODAwMDAwMDAwMDAwLCJkZWxldGUiOjE4MDAwMDAwMDAwMDAsInJlYWQiOjMwMDAwMDAwMDAwMH19",
          "dependencies": [
            "azurerm_network_interface.interfaceredevm-kafka",
            "azurerm_network_security_group.securitygroup-aulas",
            "azurerm_public_ip.ippublico-kafka",
            "azurerm_resource_group.resourcegroup_aulas",
            "azurerm_subnet.subrede-aulas",
            "azurerm_virtual_machine.vm-linux-kafka",
            "azurerm_virtual_network.network-aulas"
          ]
        }
      ]
    },
    {
      "mode": "managed",
      "type": "azurerm_network_security_group",
      "name": "securitygroup-aulas",
      "provider": "provider[\"registry.terraform.io/hashicorp/azurerm\"]",
      "instances": [
        {
          "schema_version": 0,
          "attributes": {
            "id": "/subscriptions/4a6139e2-f4bc-456d-89ba-c63055f3a97e/resourceGroups/rg-1368363/providers/Microsoft.Network/networkSecurityGroups/securitygroup-1368363",
            "location": "eastus",
            "name": "securitygroup-1368363",
            "resource_group_name": "rg-1368363",
            "security_rule": [
              {
                "access": "Allow",
                "description": "",
                "destination_address_prefix": "",
                "destination_address_prefixes": [
                  "177.140.145.89"
                ],
                "destination_application_security_group_ids": [],
                "destination_port_range": "*",
                "destination_port_ranges": [],
                "direction": "Outbound",
                "name": "regraportahttp",
                "priority": 101,
                "protocol": "Tcp",
                "source_address_prefix": "VirtualNetwork",
                "source_address_prefixes": [],
                "source_application_security_group_ids": [],
                "source_port_range": "*",
                "source_port_ranges": []
              },
              {
                "access": "Allow",
                "description": "",
                "destination_address_prefix": "*",
                "destination_address_prefixes": [],
                "destination_application_security_group_ids": [],
                "destination_port_range": "*",
                "destination_port_ranges": [],
                "direction": "Inbound",
                "name": "regraportassh",
                "priority": 100,
                "protocol": "Tcp",
                "source_address_prefix": "",
                "source_address_prefixes": [
                  "177.140.145.89"
                ],
                "source_application_security_group_ids": [],
                "source_port_range": "*",
                "source_port_ranges": []
              }
            ],
            "tags": {
              "Aluno": "Marcus Antonio Tavare Gomes",
              "Disciplina": "PREPARAÇÃO E INTEGRAÇÃO DE DADOS",
              "Email": "1368363@sga.pucminas.br",
              "Matrícula": "1368363",
              "Professor": "Victor Sales Silva"
            },
            "timeouts": null
          },
          "sensitive_attributes": [],
          "private": "eyJlMmJmYjczMC1lY2FhLTExZTYtOGY4OC0zNDM2M2JjN2M0YzAiOnsiY3JlYXRlIjoxODAwMDAwMDAwMDAwLCJkZWxldGUiOjE4MDAwMDAwMDAwMDAsInJlYWQiOjMwMDAwMDAwMDAwMCwidXBkYXRlIjoxODAwMDAwMDAwMDAwfX0=",
          "dependencies": [
            "azurerm_resource_group.resourcegroup_aulas",
            "azurerm_virtual_network.network-aulas"
          ]
        }
      ]
    },
    {
      "mode": "managed",
      "type": "azurerm_network_security_rule",
      "name": "inboundrole-aulas",
      "provider": "provider[\"registry.terraform.io/hashicorp/azurerm\"]",
      "instances": [
        {
          "schema_version": 0,
          "attributes": {
            "access": "Allow",
            "description": "",
            "destination_address_prefix": "*",
            "destination_address_prefixes": [],
            "destination_application_security_group_ids": [],
            "destination_port_range": "*",
            "destination_port_ranges": [],
            "direction": "Inbound",
            "id": "/subscriptions/4a6139e2-f4bc-456d-89ba-c63055f3a97e/resourceGroups/rg-1368363/providers/Microsoft.Network/networkSecurityGroups/securitygroup-1368363/securityRules/regraportassh",
            "name": "regraportassh",
            "network_security_group_name": "securitygroup-1368363",
            "priority": 100,
            "protocol": "Tcp",
            "resource_group_name": "rg-1368363",
            "source_address_prefix": "",
            "source_address_prefixes": [
              "177.140.145.89"
            ],
            "source_application_security_group_ids": [],
            "source_port_range": "*",
            "source_port_ranges": [],
            "timeouts": null
          },
          "sensitive_attributes": [],
          "private": "eyJlMmJmYjczMC1lY2FhLTExZTYtOGY4OC0zNDM2M2JjN2M0YzAiOnsiY3JlYXRlIjoxODAwMDAwMDAwMDAwLCJkZWxldGUiOjE4MDAwMDAwMDAwMDAsInJlYWQiOjMwMDAwMDAwMDAwMCwidXBkYXRlIjoxODAwMDAwMDAwMDAwfX0=",
          "dependencies": [
            "azurerm_network_security_group.securitygroup-aulas",
            "azurerm_resource_group.resourcegroup_aulas",
            "azurerm_virtual_network.network-aulas"
          ]
        }
      ]
    },
    {
      "mode": "managed",
      "type": "azurerm_network_security_rule",
      "name": "outboundrole-aulas",
      "provider": "provider[\"registry.terraform.io/hashicorp/azurerm\"]",
      "instances": [
        {
          "schema_version": 0,
          "attributes": {
            "access": "Allow",
            "description": "",
            "destination_address_prefix": "",
            "destination_address_prefixes": [
              "177.140.145.89"
            ],
            "destination_application_security_group_ids": [],
            "destination_port_range": "*",
            "destination_port_ranges": [],
            "direction": "Outbound",
            "id": "/subscriptions/4a6139e2-f4bc-456d-89ba-c63055f3a97e/resourceGroups/rg-1368363/providers/Microsoft.Network/networkSecurityGroups/securitygroup-1368363/securityRules/regraportahttp",
            "name": "regraportahttp",
            "network_security_group_name": "securitygroup-1368363",
            "priority": 101,
            "protocol": "Tcp",
            "resource_group_name": "rg-1368363",
            "source_address_prefix": "VirtualNetwork",
            "source_address_prefixes": [],
            "source_application_security_group_ids": [],
            "source_port_range": "*",
            "source_port_ranges": [],
            "timeouts": null
          },
          "sensitive_attributes": [],
          "private": "eyJlMmJmYjczMC1lY2FhLTExZTYtOGY4OC0zNDM2M2JjN2M0YzAiOnsiY3JlYXRlIjoxODAwMDAwMDAwMDAwLCJkZWxldGUiOjE4MDAwMDAwMDAwMDAsInJlYWQiOjMwMDAwMDAwMDAwMCwidXBkYXRlIjoxODAwMDAwMDAwMDAwfX0=",
          "dependencies": [
            "azurerm_network_security_group.securitygroup-aulas",
            "azurerm_resource_group.resourcegroup_aulas",
            "azurerm_virtual_network.network-aulas"
          ]
        }
      ]
    },
    {
      "mode": "managed",
      "type": "azurerm_public_ip",
      "name": "ippublico-airflow",
      "provider": "provider[\"registry.terraform.io/hashicorp/azurerm\"]",
      "instances": [
        {
          "schema_version": 0,
          "attributes": {
            "allocation_method": "Static",
            "ddos_protection_mode": "VirtualNetworkInherited",
            "ddos_protection_plan_id": null,
            "domain_name_label": null,
            "edge_zone": "",
            "fqdn": null,
            "id": "/subscriptions/4a6139e2-f4bc-456d-89ba-c63055f3a97e/resourceGroups/rg-1368363/providers/Microsoft.Network/publicIPAddresses/ippublico-airflow",
            "idle_timeout_in_minutes": 4,
            "ip_address": "13.90.96.10",
            "ip_tags": {},
            "ip_version": "IPv4",
            "location": "eastus",
            "name": "ippublico-airflow",
            "public_ip_prefix_id": null,
            "resource_group_name": "rg-1368363",
            "reverse_fqdn": null,
            "sku": "Basic",
            "sku_tier": "Regional",
            "tags": {},
            "timeouts": null,
            "zones": []
          },
          "sensitive_attributes": [],
          "private": "eyJlMmJmYjczMC1lY2FhLTExZTYtOGY4OC0zNDM2M2JjN2M0YzAiOnsiY3JlYXRlIjoxODAwMDAwMDAwMDAwLCJkZWxldGUiOjE4MDAwMDAwMDAwMDAsInJlYWQiOjMwMDAwMDAwMDAwMCwidXBkYXRlIjoxODAwMDAwMDAwMDAwfX0=",
          "dependencies": [
            "azurerm_resource_group.resourcegroup_aulas",
            "azurerm_subnet.subrede-aulas",
            "azurerm_virtual_network.network-aulas"
          ]
        }
      ]
    },
    {
      "mode": "managed",
      "type": "azurerm_public_ip",
      "name": "ippublico-dremio",
      "provider": "provider[\"registry.terraform.io/hashicorp/azurerm\"]",
      "instances": [
        {
          "schema_version": 0,
          "attributes": {
            "allocation_method": "Static",
            "ddos_protection_mode": "VirtualNetworkInherited",
            "ddos_protection_plan_id": null,
            "domain_name_label": null,
            "edge_zone": "",
            "fqdn": null,
            "id": "/subscriptions/4a6139e2-f4bc-456d-89ba-c63055f3a97e/resourceGroups/rg-1368363/providers/Microsoft.Network/publicIPAddresses/ippublico-dremio",
            "idle_timeout_in_minutes": 4,
            "ip_address": "13.90.96.65",
            "ip_tags": {},
            "ip_version": "IPv4",
            "location": "eastus",
            "name": "ippublico-dremio",
            "public_ip_prefix_id": null,
            "resource_group_name": "rg-1368363",
            "reverse_fqdn": null,
            "sku": "Basic",
            "sku_tier": "Regional",
            "tags": {},
            "timeouts": null,
            "zones": []
          },
          "sensitive_attributes": [],
          "private": "eyJlMmJmYjczMC1lY2FhLTExZTYtOGY4OC0zNDM2M2JjN2M0YzAiOnsiY3JlYXRlIjoxODAwMDAwMDAwMDAwLCJkZWxldGUiOjE4MDAwMDAwMDAwMDAsInJlYWQiOjMwMDAwMDAwMDAwMCwidXBkYXRlIjoxODAwMDAwMDAwMDAwfX0=",
          "dependencies": [
            "azurerm_resource_group.resourcegroup_aulas",
            "azurerm_subnet.subrede-aulas",
            "azurerm_virtual_network.network-aulas"
          ]
        }
      ]
    },
    {
      "mode": "managed",
      "type": "azurerm_public_ip",
      "name": "ippublico-kafka",
      "provider": "provider[\"registry.terraform.io/hashicorp/azurerm\"]",
      "instances": [
        {
          "schema_version": 0,
          "attributes": {
            "allocation_method": "Static",
            "ddos_protection_mode": "VirtualNetworkInherited",
            "ddos_protection_plan_id": null,
            "domain_name_label": null,
            "edge_zone": "",
            "fqdn": null,
            "id": "/subscriptions/4a6139e2-f4bc-456d-89ba-c63055f3a97e/resourceGroups/rg-1368363/providers/Microsoft.Network/publicIPAddresses/ippublico-kafka",
            "idle_timeout_in_minutes": 4,
            "ip_address": "52.226.20.9",
            "ip_tags": {},
            "ip_version": "IPv4",
            "location": "eastus",
            "name": "ippublico-kafka",
            "public_ip_prefix_id": null,
            "resource_group_name": "rg-1368363",
            "reverse_fqdn": null,
            "sku": "Basic",
            "sku_tier": "Regional",
            "tags": {},
            "timeouts": null,
            "zones": []
          },
          "sensitive_attributes": [],
          "private": "eyJlMmJmYjczMC1lY2FhLTExZTYtOGY4OC0zNDM2M2JjN2M0YzAiOnsiY3JlYXRlIjoxODAwMDAwMDAwMDAwLCJkZWxldGUiOjE4MDAwMDAwMDAwMDAsInJlYWQiOjMwMDAwMDAwMDAwMCwidXBkYXRlIjoxODAwMDAwMDAwMDAwfX0=",
          "dependencies": [
            "azurerm_resource_group.resourcegroup_aulas",
            "azurerm_subnet.subrede-aulas",
            "azurerm_virtual_network.network-aulas"
          ]
        }
      ]
    },
    {
      "mode": "managed",
      "type": "azurerm_resource_group",
      "name": "resourcegroup_aulas",
      "provider": "provider[\"registry.terraform.io/hashicorp/azurerm\"]",
      "instances": [
        {
          "schema_version": 0,
          "attributes": {
            "id": "/subscriptions/4a6139e2-f4bc-456d-89ba-c63055f3a97e/resourceGroups/rg-1368363",
            "location": "eastus",
            "managed_by": "",
            "name": "rg-1368363",
            "tags": {
              "Aluno": "Marcus Antonio Tavare Gomes",
              "Disciplina": "PREPARAÇÃO E INTEGRAÇÃO DE DADOS",
              "Email": "1368363@sga.pucminas.br",
              "Matrícula": "1368363",
              "Professor": "Victor Sales Silva"
            },
            "timeouts": null
          },
          "sensitive_attributes": [],
          "private": "eyJlMmJmYjczMC1lY2FhLTExZTYtOGY4OC0zNDM2M2JjN2M0YzAiOnsiY3JlYXRlIjo1NDAwMDAwMDAwMDAwLCJkZWxldGUiOjU0MDAwMDAwMDAwMDAsInJlYWQiOjMwMDAwMDAwMDAwMCwidXBkYXRlIjo1NDAwMDAwMDAwMDAwfX0="
        }
      ]
    },
    {
      "mode": "managed",
      "type": "azurerm_storage_account",
      "name": "storageaccount_aulas",
      "provider": "provider[\"registry.terraform.io/hashicorp/azurerm\"]",
      "instances": [
        {
          "schema_version": 4,
          "attributes": {
            "access_tier": "Hot",
            "account_kind": "StorageV2",
            "account_replication_type": "GRS",
            "account_tier": "Standard",
            "allow_nested_items_to_be_public": true,
            "allowed_copy_scope": "",
            "azure_files_authentication": [],
            "blob_properties": [
              {
                "change_feed_enabled": false,
                "change_feed_retention_in_days": 0,
                "container_delete_retention_policy": [],
                "cors_rule": [],
                "default_service_version": "",
                "delete_retention_policy": [],
                "last_access_time_enabled": false,
                "restore_policy": [],
                "versioning_enabled": false
              }
            ],
            "cross_tenant_replication_enabled": true,
            "custom_domain": [],
            "customer_managed_key": [],
            "default_to_oauth_authentication": false,
            "dns_endpoint_type": "Standard",
            "edge_zone": "",
            "enable_https_traffic_only": true,
            "id": "/subscriptions/4a6139e2-f4bc-456d-89ba-c63055f3a97e/resourceGroups/rg-1368363/providers/Microsoft.Storage/storageAccounts/stgaccount1368363",
            "identity": [],
            "immutability_policy": [],
            "infrastructure_encryption_enabled": false,
            "is_hns_enabled": false,
            "large_file_share_enabled": null,
            "local_user_enabled": true,
            "location": "eastus",
            "min_tls_version": "TLS1_2",
            "name": "stgaccount1368363",
            "network_rules": [
              {
                "bypass": [
                  "AzureServices"
                ],
                "default_action": "Allow",
                "ip_rules": [],
                "private_link_access": [],
                "virtual_network_subnet_ids": []
              }
            ],
            "nfsv3_enabled": false,
            "primary_access_key": "jMSH7MrQZ9UJbvBFA92oQbQFyh25YY5iyfu09AjSU1KDGgcH19CMjV8O0GUG8PemNi2Lg1cXayyG+AStXi+0QQ==",
            "primary_blob_connection_string": "DefaultEndpointsProtocol=https;BlobEndpoint=https://stgaccount1368363.blob.core.windows.net/;AccountName=stgaccount1368363;AccountKey=jMSH7MrQZ9UJbvBFA92oQbQFyh25YY5iyfu09AjSU1KDGgcH19CMjV8O0GUG8PemNi2Lg1cXayyG+AStXi+0QQ==",
            "primary_blob_endpoint": "https://stgaccount1368363.blob.core.windows.net/",
            "primary_blob_host": "stgaccount1368363.blob.core.windows.net",
            "primary_blob_internet_endpoint": "",
            "primary_blob_internet_host": "",
            "primary_blob_microsoft_endpoint": "",
            "primary_blob_microsoft_host": "",
            "primary_connection_string": "DefaultEndpointsProtocol=https;AccountName=stgaccount1368363;AccountKey=jMSH7MrQZ9UJbvBFA92oQbQFyh25YY5iyfu09AjSU1KDGgcH19CMjV8O0GUG8PemNi2Lg1cXayyG+AStXi+0QQ==;EndpointSuffix=core.windows.net",
            "primary_dfs_endpoint": "https://stgaccount1368363.dfs.core.windows.net/",
            "primary_dfs_host": "stgaccount1368363.dfs.core.windows.net",
            "primary_dfs_internet_endpoint": "",
            "primary_dfs_internet_host": "",
            "primary_dfs_microsoft_endpoint": "",
            "primary_dfs_microsoft_host": "",
            "primary_file_endpoint": "https://stgaccount1368363.file.core.windows.net/",
            "primary_file_host": "stgaccount1368363.file.core.windows.net",
            "primary_file_internet_endpoint": "",
            "primary_file_internet_host": "",
            "primary_file_microsoft_endpoint": "",
            "primary_file_microsoft_host": "",
            "primary_location": "eastus",
            "primary_queue_endpoint": "https://stgaccount1368363.queue.core.windows.net/",
            "primary_queue_host": "stgaccount1368363.queue.core.windows.net",
            "primary_queue_microsoft_endpoint": "",
            "primary_queue_microsoft_host": "",
            "primary_table_endpoint": "https://stgaccount1368363.table.core.windows.net/",
            "primary_table_host": "stgaccount1368363.table.core.windows.net",
            "primary_table_microsoft_endpoint": "",
            "primary_table_microsoft_host": "",
            "primary_web_endpoint": "https://stgaccount1368363.z13.web.core.windows.net/",
            "primary_web_host": "stgaccount1368363.z13.web.core.windows.net",
            "primary_web_internet_endpoint": "",
            "primary_web_internet_host": "",
            "primary_web_microsoft_endpoint": "",
            "primary_web_microsoft_host": "",
            "public_network_access_enabled": true,
            "queue_encryption_key_type": "Service",
            "queue_properties": [
              {
                "cors_rule": [],
                "hour_metrics": [
                  {
                    "enabled": true,
                    "include_apis": true,
                    "retention_policy_days": 7,
                    "version": "1.0"
                  }
                ],
                "logging": [
                  {
                    "delete": false,
                    "read": false,
                    "retention_policy_days": 0,
                    "version": "1.0",
                    "write": false
                  }
                ],
                "minute_metrics": [
                  {
                    "enabled": false,
                    "include_apis": false,
                    "retention_policy_days": 0,
                    "version": "1.0"
                  }
                ]
              }
            ],
            "resource_group_name": "rg-1368363",
            "routing": [],
            "sas_policy": [],
            "secondary_access_key": "LQFiRwsdcVRJPDnY8Chspd5EIYji+y77gDgYdu0qXSOeBPEwoXZ2vImUA1zxhtHwHJvfNoSI2WF9+AStbnI5bA==",
            "secondary_blob_connection_string": "",
            "secondary_blob_endpoint": null,
            "secondary_blob_host": null,
            "secondary_blob_internet_endpoint": null,
            "secondary_blob_internet_host": null,
            "secondary_blob_microsoft_endpoint": null,
            "secondary_blob_microsoft_host": null,
            "secondary_connection_string": "DefaultEndpointsProtocol=https;AccountName=stgaccount1368363;AccountKey=LQFiRwsdcVRJPDnY8Chspd5EIYji+y77gDgYdu0qXSOeBPEwoXZ2vImUA1zxhtHwHJvfNoSI2WF9+AStbnI5bA==;EndpointSuffix=core.windows.net",
            "secondary_dfs_endpoint": null,
            "secondary_dfs_host": null,
            "secondary_dfs_internet_endpoint": null,
            "secondary_dfs_internet_host": null,
            "secondary_dfs_microsoft_endpoint": null,
            "secondary_dfs_microsoft_host": null,
            "secondary_file_endpoint": null,
            "secondary_file_host": null,
            "secondary_file_internet_endpoint": null,
            "secondary_file_internet_host": null,
            "secondary_file_microsoft_endpoint": null,
            "secondary_file_microsoft_host": null,
            "secondary_location": "westus",
            "secondary_queue_endpoint": null,
            "secondary_queue_host": null,
            "secondary_queue_microsoft_endpoint": null,
            "secondary_queue_microsoft_host": null,
            "secondary_table_endpoint": null,
            "secondary_table_host": null,
            "secondary_table_microsoft_endpoint": null,
            "secondary_table_microsoft_host": null,
            "secondary_web_endpoint": null,
            "secondary_web_host": null,
            "secondary_web_internet_endpoint": null,
            "secondary_web_internet_host": null,
            "secondary_web_microsoft_endpoint": null,
            "secondary_web_microsoft_host": null,
            "sftp_enabled": false,
            "share_properties": [
              {
                "cors_rule": [],
                "retention_policy": [
                  {
                    "days": 7
                  }
                ],
                "smb": []
              }
            ],
            "shared_access_key_enabled": true,
            "static_website": [],
            "table_encryption_key_type": "Service",
            "tags": {
              "Aluno": "Marcus Antonio Tavare Gomes",
              "Disciplina": "PREPARAÇÃO E INTEGRAÇÃO DE DADOS",
              "Email": "1368363@sga.pucminas.br",
              "Matrícula": "1368363",
              "Professor": "Victor Sales Silva"
            },
            "timeouts": null
          },
          "sensitive_attributes": [
            [
              {
                "type": "get_attr",
                "value": "primary_connection_string"
              }
            ],
            [
              {
                "type": "get_attr",
                "value": "secondary_access_key"
              }
            ],
            [
              {
                "type": "get_attr",
                "value": "primary_blob_connection_string"
              }
            ],
            [
              {
                "type": "get_attr",
                "value": "primary_access_key"
              }
            ],
            [
              {
                "type": "get_attr",
                "value": "secondary_blob_connection_string"
              }
            ],
            [
              {
                "type": "get_attr",
                "value": "secondary_connection_string"
              }
            ]
          ],
          "private": "eyJlMmJmYjczMC1lY2FhLTExZTYtOGY4OC0zNDM2M2JjN2M0YzAiOnsiY3JlYXRlIjozNjAwMDAwMDAwMDAwLCJkZWxldGUiOjM2MDAwMDAwMDAwMDAsInJlYWQiOjMwMDAwMDAwMDAwMCwidXBkYXRlIjozNjAwMDAwMDAwMDAwfSwic2NoZW1hX3ZlcnNpb24iOiI0In0=",
          "dependencies": [
            "azurerm_resource_group.resourcegroup_aulas"
          ]
        }
      ]
    },
    {
      "mode": "managed",
      "type": "azurerm_storage_container",
      "name": "containerdatalake",
      "provider": "provider[\"registry.terraform.io/hashicorp/azurerm\"]",
      "instances": [
        {
          "schema_version": 1,
          "attributes": {
            "container_access_type": "blob",
            "default_encryption_scope": "$account-encryption-key",
            "encryption_scope_override_enabled": true,
            "has_immutability_policy": false,
            "has_legal_hold": false,
            "id": "https://stgaccount1368363.blob.core.windows.net/datalake-1368363",
            "metadata": {},
            "name": "datalake-1368363",
            "resource_manager_id": "/subscriptions/4a6139e2-f4bc-456d-89ba-c63055f3a97e/resourceGroups/rg-1368363/providers/Microsoft.Storage/storageAccounts/stgaccount1368363/blobServices/default/containers/datalake-1368363",
            "storage_account_name": "stgaccount1368363",
            "timeouts": null
          },
          "sensitive_attributes": [],
          "private": "eyJlMmJmYjczMC1lY2FhLTExZTYtOGY4OC0zNDM2M2JjN2M0YzAiOnsiY3JlYXRlIjoxODAwMDAwMDAwMDAwLCJkZWxldGUiOjE4MDAwMDAwMDAwMDAsInJlYWQiOjMwMDAwMDAwMDAwMCwidXBkYXRlIjoxODAwMDAwMDAwMDAwfSwic2NoZW1hX3ZlcnNpb24iOiIxIn0=",
          "dependencies": [
            "azurerm_resource_group.resourcegroup_aulas",
            "azurerm_storage_account.storageaccount_aulas"
          ]
        }
      ]
    },
    {
      "mode": "managed",
      "type": "azurerm_storage_container",
      "name": "containerdatalakeDadosFaculdade",
      "provider": "provider[\"registry.terraform.io/hashicorp/azurerm\"]",
      "instances": [
        {
          "schema_version": 1,
          "attributes": {
            "container_access_type": "blob",
            "default_encryption_scope": "$account-encryption-key",
            "encryption_scope_override_enabled": true,
            "has_immutability_policy": false,
            "has_legal_hold": false,
            "id": "https://stgaccount1368363.blob.core.windows.net/datalake-dados-faculdade",
            "metadata": {},
            "name": "datalake-dados-faculdade",
            "resource_manager_id": "/subscriptions/4a6139e2-f4bc-456d-89ba-c63055f3a97e/resourceGroups/rg-1368363/providers/Microsoft.Storage/storageAccounts/stgaccount1368363/blobServices/default/containers/datalake-dados-faculdade",
            "storage_account_name": "stgaccount1368363",
            "timeouts": null
          },
          "sensitive_attributes": [],
          "private": "eyJlMmJmYjczMC1lY2FhLTExZTYtOGY4OC0zNDM2M2JjN2M0YzAiOnsiY3JlYXRlIjoxODAwMDAwMDAwMDAwLCJkZWxldGUiOjE4MDAwMDAwMDAwMDAsInJlYWQiOjMwMDAwMDAwMDAwMCwidXBkYXRlIjoxODAwMDAwMDAwMDAwfSwic2NoZW1hX3ZlcnNpb24iOiIxIn0=",
          "dependencies": [
            "azurerm_resource_group.resourcegroup_aulas",
            "azurerm_storage_account.storageaccount_aulas"
          ]
        }
      ]
    },
    {
      "mode": "managed",
      "type": "azurerm_subnet",
      "name": "subrede-aulas",
      "provider": "provider[\"registry.terraform.io/hashicorp/azurerm\"]",
      "instances": [
        {
          "schema_version": 0,
          "attributes": {
            "address_prefixes": [
              "10.0.0.0/24"
            ],
            "delegation": [],
            "enforce_private_link_endpoint_network_policies": false,
            "enforce_private_link_service_network_policies": false,
            "id": "/subscriptions/4a6139e2-f4bc-456d-89ba-c63055f3a97e/resourceGroups/rg-1368363/providers/Microsoft.Network/virtualNetworks/vnet-1368363/subnets/subnet-1368363",
            "name": "subnet-1368363",
            "private_endpoint_network_policies_enabled": true,
            "private_link_service_network_policies_enabled": true,
            "resource_group_name": "rg-1368363",
            "service_endpoint_policy_ids": [],
            "service_endpoints": [],
            "timeouts": null,
            "virtual_network_name": "vnet-1368363"
          },
          "sensitive_attributes": [],
          "private": "eyJlMmJmYjczMC1lY2FhLTExZTYtOGY4OC0zNDM2M2JjN2M0YzAiOnsiY3JlYXRlIjoxODAwMDAwMDAwMDAwLCJkZWxldGUiOjE4MDAwMDAwMDAwMDAsInJlYWQiOjMwMDAwMDAwMDAwMCwidXBkYXRlIjoxODAwMDAwMDAwMDAwfX0=",
          "dependencies": [
            "azurerm_resource_group.resourcegroup_aulas",
            "azurerm_virtual_network.network-aulas"
          ]
        }
      ]
    },
    {
      "mode": "managed",
      "type": "azurerm_virtual_machine",
      "name": "vm-linux-airflow",
      "provider": "provider[\"registry.terraform.io/hashicorp/azurerm\"]",
      "instances": [
        {
          "schema_version": 0,
          "attributes": {
            "additional_capabilities": [],
            "availability_set_id": null,
            "boot_diagnostics": [],
            "delete_data_disks_on_termination": true,
            "delete_os_disk_on_termination": true,
            "id": "/subscriptions/4a6139e2-f4bc-456d-89ba-c63055f3a97e/resourceGroups/rg-1368363/providers/Microsoft.Compute/virtualMachines/VmLinuxAirflowDataHub1368363",
            "identity": [],
            "license_type": null,
            "location": "eastus",
            "name": "VmLinuxAirflowDataHub1368363",
            "network_interface_ids": [
              "/subscriptions/4a6139e2-f4bc-456d-89ba-c63055f3a97e/resourceGroups/rg-1368363/providers/Microsoft.Network/networkInterfaces/cardinterface-airflow"
            ],
            "os_profile": [
              {
                "admin_password": "",
                "admin_username": "azureuser",
                "computer_name": "ubuntu-airflow",
                "custom_data": ""
              }
            ],
            "os_profile_linux_config": [
              {
                "disable_password_authentication": false,
                "ssh_keys": []
              }
            ],
            "os_profile_secrets": [],
            "os_profile_windows_config": [],
            "plan": [],
            "primary_network_interface_id": null,
            "proximity_placement_group_id": null,
            "resource_group_name": "rg-1368363",
            "storage_data_disk": [],
            "storage_image_reference": [
              {
                "id": "",
                "offer": "0001-com-ubuntu-server-jammy",
                "publisher": "Canonical",
                "sku": "22_04-lts-gen2",
                "version": "latest"
              }
            ],
            "storage_os_disk": [
              {
                "caching": "ReadWrite",
                "create_option": "FromImage",
                "disk_size_gb": 30,
                "image_uri": "",
                "managed_disk_id": "/subscriptions/4a6139e2-f4bc-456d-89ba-c63055f3a97e/resourceGroups/RG-1368363/providers/Microsoft.Compute/disks/discosistemaAirflow",
                "managed_disk_type": "Standard_LRS",
                "name": "discosistemaAirflow",
                "os_type": "Linux",
                "vhd_uri": "",
                "write_accelerator_enabled": false
              }
            ],
            "tags": {
              "Aluno": "Marcus Antonio Tavare Gomes",
              "Disciplina": "PREPARAÇÃO E INTEGRAÇÃO DE DADOS",
              "Email": "1368363@sga.pucminas.br",
              "Matrícula": "1368363",
              "Professor": "Victor Sales Silva"
            },
            "timeouts": null,
            "vm_size": "Standard_E2as_v4",
            "zones": []
          },
          "sensitive_attributes": [
            [
              {
                "type": "get_attr",
                "value": "os_profile"
              }
            ]
          ],
          "private": "eyJlMmJmYjczMC1lY2FhLTExZTYtOGY4OC0zNDM2M2JjN2M0YzAiOnsiY3JlYXRlIjozNjAwMDAwMDAwMDAwLCJkZWxldGUiOjM2MDAwMDAwMDAwMDAsInJlYWQiOjMwMDAwMDAwMDAwMCwidXBkYXRlIjozNjAwMDAwMDAwMDAwfX0=",
          "dependencies": [
            "azurerm_network_interface.interfaceredevm-airflow",
            "azurerm_public_ip.ippublico-airflow",
            "azurerm_resource_group.resourcegroup_aulas",
            "azurerm_subnet.subrede-aulas",
            "azurerm_virtual_network.network-aulas"
          ]
        }
      ]
    },
    {
      "mode": "managed",
      "type": "azurerm_virtual_machine",
      "name": "vm-linux-dremio",
      "provider": "provider[\"registry.terraform.io/hashicorp/azurerm\"]",
      "instances": [
        {
          "schema_version": 0,
          "attributes": {
            "additional_capabilities": [],
            "availability_set_id": null,
            "boot_diagnostics": [],
            "delete_data_disks_on_termination": true,
            "delete_os_disk_on_termination": true,
            "id": "/subscriptions/4a6139e2-f4bc-456d-89ba-c63055f3a97e/resourceGroups/rg-1368363/providers/Microsoft.Compute/virtualMachines/VmLinuxDremio1368363",
            "identity": [],
            "license_type": null,
            "location": "eastus",
            "name": "VmLinuxDremio1368363",
            "network_interface_ids": [
              "/subscriptions/4a6139e2-f4bc-456d-89ba-c63055f3a97e/resourceGroups/rg-1368363/providers/Microsoft.Network/networkInterfaces/cardinterface-dremio"
            ],
            "os_profile": [
              {
                "admin_password": "",
                "admin_username": "azureuser",
                "computer_name": "ubuntu-dremio",
                "custom_data": ""
              }
            ],
            "os_profile_linux_config": [
              {
                "disable_password_authentication": false,
                "ssh_keys": []
              }
            ],
            "os_profile_secrets": [],
            "os_profile_windows_config": [],
            "plan": [],
            "primary_network_interface_id": null,
            "proximity_placement_group_id": null,
            "resource_group_name": "rg-1368363",
            "storage_data_disk": [],
            "storage_image_reference": [
              {
                "id": "",
                "offer": "0001-com-ubuntu-server-jammy",
                "publisher": "Canonical",
                "sku": "22_04-lts-gen2",
                "version": "latest"
              }
            ],
            "storage_os_disk": [
              {
                "caching": "ReadWrite",
                "create_option": "FromImage",
                "disk_size_gb": 30,
                "image_uri": "",
                "managed_disk_id": "/subscriptions/4a6139e2-f4bc-456d-89ba-c63055f3a97e/resourceGroups/RG-1368363/providers/Microsoft.Compute/disks/discosistemaDremio",
                "managed_disk_type": "Standard_LRS",
                "name": "discosistemaDremio",
                "os_type": "Linux",
                "vhd_uri": "",
                "write_accelerator_enabled": false
              }
            ],
            "tags": {
              "Aluno": "Marcus Antonio Tavare Gomes",
              "Disciplina": "PREPARAÇÃO E INTEGRAÇÃO DE DADOS",
              "Email": "1368363@sga.pucminas.br",
              "Matrícula": "1368363",
              "Professor": "Victor Sales Silva"
            },
            "timeouts": null,
            "vm_size": "Standard_E2as_v4",
            "zones": []
          },
          "sensitive_attributes": [
            [
              {
                "type": "get_attr",
                "value": "os_profile"
              }
            ]
          ],
          "private": "eyJlMmJmYjczMC1lY2FhLTExZTYtOGY4OC0zNDM2M2JjN2M0YzAiOnsiY3JlYXRlIjozNjAwMDAwMDAwMDAwLCJkZWxldGUiOjM2MDAwMDAwMDAwMDAsInJlYWQiOjMwMDAwMDAwMDAwMCwidXBkYXRlIjozNjAwMDAwMDAwMDAwfX0=",
          "dependencies": [
            "azurerm_network_interface.interfaceredevm-dremio",
            "azurerm_public_ip.ippublico-dremio",
            "azurerm_resource_group.resourcegroup_aulas",
            "azurerm_subnet.subrede-aulas",
            "azurerm_virtual_network.network-aulas"
          ]
        }
      ]
    },
    {
      "mode": "managed",
      "type": "azurerm_virtual_machine",
      "name": "vm-linux-kafka",
      "provider": "provider[\"registry.terraform.io/hashicorp/azurerm\"]",
      "instances": [
        {
          "schema_version": 0,
          "attributes": {
            "additional_capabilities": [],
            "availability_set_id": null,
            "boot_diagnostics": [],
            "delete_data_disks_on_termination": true,
            "delete_os_disk_on_termination": true,
            "id": "/subscriptions/4a6139e2-f4bc-456d-89ba-c63055f3a97e/resourceGroups/rg-1368363/providers/Microsoft.Compute/virtualMachines/VmLinuxKafa1368363",
            "identity": [],
            "license_type": null,
            "location": "eastus",
            "name": "VmLinuxKafa1368363",
            "network_interface_ids": [
              "/subscriptions/4a6139e2-f4bc-456d-89ba-c63055f3a97e/resourceGroups/rg-1368363/providers/Microsoft.Network/networkInterfaces/cardinterface-kakfa"
            ],
            "os_profile": [
              {
                "admin_password": "",
                "admin_username": "azureuser",
                "computer_name": "ubuntu-kafka",
                "custom_data": ""
              }
            ],
            "os_profile_linux_config": [
              {
                "disable_password_authentication": false,
                "ssh_keys": []
              }
            ],
            "os_profile_secrets": [],
            "os_profile_windows_config": [],
            "plan": [],
            "primary_network_interface_id": null,
            "proximity_placement_group_id": null,
            "resource_group_name": "rg-1368363",
            "storage_data_disk": [],
            "storage_image_reference": [
              {
                "id": "",
                "offer": "0001-com-ubuntu-server-jammy",
                "publisher": "Canonical",
                "sku": "22_04-lts-gen2",
                "version": "latest"
              }
            ],
            "storage_os_disk": [
              {
                "caching": "ReadWrite",
                "create_option": "FromImage",
                "disk_size_gb": 30,
                "image_uri": "",
                "managed_disk_id": "/subscriptions/4a6139e2-f4bc-456d-89ba-c63055f3a97e/resourceGroups/rg-1368363/providers/Microsoft.Compute/disks/discosistemaKafka",
                "managed_disk_type": "Standard_LRS",
                "name": "discosistemaKafka",
                "os_type": "Linux",
                "vhd_uri": "",
                "write_accelerator_enabled": false
              }
            ],
            "tags": {
              "Aluno": "Marcus Antonio Tavare Gomes",
              "Disciplina": "PREPARAÇÃO E INTEGRAÇÃO DE DADOS",
              "Email": "1368363@sga.pucminas.br",
              "Matrícula": "1368363",
              "Professor": "Victor Sales Silva"
            },
            "timeouts": null,
            "vm_size": "Standard_D2s_v3",
            "zones": []
          },
          "sensitive_attributes": [
            [
              {
                "type": "get_attr",
                "value": "os_profile"
              }
            ]
          ],
          "private": "eyJlMmJmYjczMC1lY2FhLTExZTYtOGY4OC0zNDM2M2JjN2M0YzAiOnsiY3JlYXRlIjozNjAwMDAwMDAwMDAwLCJkZWxldGUiOjM2MDAwMDAwMDAwMDAsInJlYWQiOjMwMDAwMDAwMDAwMCwidXBkYXRlIjozNjAwMDAwMDAwMDAwfX0=",
          "dependencies": [
            "azurerm_network_interface.interfaceredevm-kafka",
            "azurerm_public_ip.ippublico-kafka",
            "azurerm_resource_group.resourcegroup_aulas",
            "azurerm_subnet.subrede-aulas",
            "azurerm_virtual_network.network-aulas"
          ]
        }
      ]
    },
    {
      "mode": "managed",
      "type": "azurerm_virtual_network",
      "name": "network-aulas",
      "provider": "provider[\"registry.terraform.io/hashicorp/azurerm\"]",
      "instances": [
        {
          "schema_version": 0,
          "attributes": {
            "address_space": [
              "10.0.0.0/16"
            ],
            "bgp_community": "",
            "ddos_protection_plan": [],
            "dns_servers": [],
            "edge_zone": "",
            "encryption": [],
            "flow_timeout_in_minutes": 0,
            "guid": "08ea0fa3-2086-4a4a-9824-5cefe8e0ba33",
            "id": "/subscriptions/4a6139e2-f4bc-456d-89ba-c63055f3a97e/resourceGroups/rg-1368363/providers/Microsoft.Network/virtualNetworks/vnet-1368363",
            "location": "eastus",
            "name": "vnet-1368363",
            "resource_group_name": "rg-1368363",
            "subnet": [
              {
                "address_prefix": "10.0.0.0/24",
                "id": "/subscriptions/4a6139e2-f4bc-456d-89ba-c63055f3a97e/resourceGroups/rg-1368363/providers/Microsoft.Network/virtualNetworks/vnet-1368363/subnets/subnet-1368363",
                "name": "subnet-1368363",
                "security_group": ""
              }
            ],
            "tags": {
              "Aluno": "Marcus Antonio Tavare Gomes",
              "Disciplina": "PREPARAÇÃO E INTEGRAÇÃO DE DADOS",
              "Email": "1368363@sga.pucminas.br",
              "Matrícula": "1368363",
              "Professor": "Victor Sales Silva"
            },
            "timeouts": null
          },
          "sensitive_attributes": [],
          "private": "eyJlMmJmYjczMC1lY2FhLTExZTYtOGY4OC0zNDM2M2JjN2M0YzAiOnsiY3JlYXRlIjoxODAwMDAwMDAwMDAwLCJkZWxldGUiOjE4MDAwMDAwMDAwMDAsInJlYWQiOjMwMDAwMDAwMDAwMCwidXBkYXRlIjoxODAwMDAwMDAwMDAwfX0=",
          "dependencies": [
            "azurerm_resource_group.resourcegroup_aulas"
          ]
        }
      ]
    }
  ],
  "check_results": null
}
